
Microsoft Visual Studio Solution File, Format Version 12.00
# Visual Studio Version 16
VisualStudioVersion = 16.0.30503.244
MinimumVisualStudioVersion = 10.0.40219.1
Project("{9A19103F-16F7-4668-BE54-9A1E7A4F7556}") = "LinearAlgebra.ConsoleInteraction", "LinearAlgebra.ConsoleInteractions\LinearAlgebra.ConsoleInteraction.csproj", "{A1CF7CC0-2B10-4742-BDA6-FDE6DD349C59}"
EndProject
Project("{9A19103F-16F7-4668-BE54-9A1E7A4F7556}") = "LinearAlgebra", "LinearAlgebra\LinearAlgebra.csproj", "{60CC7323-7B7F-4213-AECE-01B0C2CAED00}"
EndProject
Project("{FAE04EC0-301F-11D3-BF4B-00C04F79EFBC}") = "LinearAlgebra.Tests", "LinearAlgebra.Tests\LinearAlgebra.Tests.csproj", "{317CBA63-839A-419F-82A0-FA0226FA56A0}"
EndProject
Global
	GlobalSection(SolutionConfigurationPlatforms) = preSolution
		Debug|Any CPU = Debug|Any CPU
		Release|Any CPU = Release|Any CPU
	EndGlobalSection
	GlobalSection(ProjectConfigurationPlatforms) = postSolution
		{A1CF7CC0-2B10-4742-BDA6-FDE6DD349C59}.Debug|Any CPU.ActiveCfg = Debug|Any CPU
		{A1CF7CC0-2B10-4742-BDA6-FDE6DD349C59}.Debug|Any CPU.Build.0 = Debug|Any CPU
		{A1CF7CC0-2B10-4742-BDA6-FDE6DD349C59}.Release|Any CPU.ActiveCfg = Release|Any CPU
		{A1CF7CC0-2B10-4742-BDA6-FDE6DD349C59}.Release|Any CPU.Build.0 = Release|Any CPU
		{60CC7323-7B7F-4213-AECE-01B0C2CAED00}.Debug|Any CPU.ActiveCfg = Debug|Any CPU
		{60CC7323-7B7F-4213-AECE-01B0C2CAED00}.Debug|Any CPU.Build.0 = Debug|Any CPU
		{60CC7323-7B7F-4213-AECE-01B0C2CAED00}.Release|Any CPU.ActiveCfg = Release|Any CPU
		{60CC7323-7B7F-4213-AECE-01B0C2CAED00}.Release|Any CPU.Build.0 = Release|Any CPU
		{317CBA63-839A-419F-82A0-FA0226FA56A0}.Debug|Any CPU.ActiveCfg = Debug|Any CPU
		{317CBA63-839A-419F-82A0-FA0226FA56A0}.Debug|Any CPU.Build.0 = Debug|Any CPU
		{317CBA63-839A-419F-82A0-FA0226FA56A0}.Release|Any CPU.ActiveCfg = Release|Any CPU
		{317CBA63-839A-419F-82A0-FA0226FA56A0}.Release|Any CPU.Build.0 = Release|Any CPU
	EndGlobalSection
	GlobalSection(SolutionProperties) = preSolution
		HideSolutionNode = FALSE
	EndGlobalSection
	GlobalSection(ExtensibilityGlobals) = postSolution
		SolutionGuid = {4A397CB5-A1B8-498C-B065-B976FC68512E}
	EndGlobalSection
EndGlobal
